
Microsoft Visual Studio Solution File, Format Version 12.00
# Visual Studio 15
VisualStudioVersion = 15.0.28307.136
MinimumVisualStudioVersion = 10.0.40219.1
Project("{FAE04EC0-301F-11D3-BF4B-00C04F79EFBC}") = "MvcTutorialPractice", "MvcTutorialPractice\MvcTutorialPractice.csproj", "{D012B943-C92D-4AD1-AB58-B24AAB013107}"
EndProject
Global
	GlobalSection(SolutionConfigurationPlatforms) = preSolution
		Debug|Any CPU = Debug|Any CPU
		Release|Any CPU = Release|Any CPU
	EndGlobalSection
	GlobalSection(ProjectConfigurationPlatforms) = postSolution
		{D012B943-C92D-4AD1-AB58-B24AAB013107}.Debug|Any CPU.ActiveCfg = Debug|Any CPU
		{D012B943-C92D-4AD1-AB58-B24AAB013107}.Debug|Any CPU.Build.0 = Debug|Any CPU
		{D012B943-C92D-4AD1-AB58-B24AAB013107}.Release|Any CPU.ActiveCfg = Release|Any CPU
		{D012B943-C92D-4AD1-AB58-B24AAB013107}.Release|Any CPU.Build.0 = Release|Any CPU
	EndGlobalSection
	GlobalSection(SolutionProperties) = preSolution
		HideSolutionNode = FALSE
	EndGlobalSection
	GlobalSection(ExtensibilityGlobals) = postSolution
		SolutionGuid = {FA5E3B12-22D4-4636-BDCC-FAA96E0AD59F}
	EndGlobalSection
EndGlobal
